
Microsoft Visual Studio Solution File, Format Version 12.00
# Visual Studio Version 16
VisualStudioVersion = 16.0.29806.167
MinimumVisualStudioVersion = 10.0.40219.1
Project("{FAE04EC0-301F-11D3-BF4B-00C04F79EFBC}") = "Formen_Finden", "Formen_Finden\Formen_Finden.csproj", "{E6E241DC-103B-49D4-8DDD-64F613363F41}"
EndProject
Global
	GlobalSection(SolutionConfigurationPlatforms) = preSolution
		Debug|Any CPU = Debug|Any CPU
		Release|Any CPU = Release|Any CPU
	EndGlobalSection
	GlobalSection(ProjectConfigurationPlatforms) = postSolution
		{E6E241DC-103B-49D4-8DDD-64F613363F41}.Debug|Any CPU.ActiveCfg = Debug|Any CPU
		{E6E241DC-103B-49D4-8DDD-64F613363F41}.Debug|Any CPU.Build.0 = Debug|Any CPU
		{E6E241DC-103B-49D4-8DDD-64F613363F41}.Release|Any CPU.ActiveCfg = Release|Any CPU
		{E6E241DC-103B-49D4-8DDD-64F613363F41}.Release|Any CPU.Build.0 = Release|Any CPU
	EndGlobalSection
	GlobalSection(SolutionProperties) = preSolution
		HideSolutionNode = FALSE
	EndGlobalSection
	GlobalSection(ExtensibilityGlobals) = postSolution
		SolutionGuid = {88F7DF16-FECC-4A2F-9C06-BB6C2FA1F9F0}
	EndGlobalSection
EndGlobal
